
Microsoft Visual Studio Solution File, Format Version 12.00
# Visual Studio Version 17
VisualStudioVersion = 17.5.33627.172
MinimumVisualStudioVersion = 10.0.40219.1
Project("{FAE04EC0-301F-11D3-BF4B-00C04F79EFBC}") = "julyform13", "julyform13\julyform13.csproj", "{4D3CF234-893B-4DD4-B29A-7F024E6E8462}"
EndProject
Global
	GlobalSection(SolutionConfigurationPlatforms) = preSolution
		Debug|Any CPU = Debug|Any CPU
		Release|Any CPU = Release|Any CPU
	EndGlobalSection
	GlobalSection(ProjectConfigurationPlatforms) = postSolution
		{4D3CF234-893B-4DD4-B29A-7F024E6E8462}.Debug|Any CPU.ActiveCfg = Debug|Any CPU
		{4D3CF234-893B-4DD4-B29A-7F024E6E8462}.Debug|Any CPU.Build.0 = Debug|Any CPU
		{4D3CF234-893B-4DD4-B29A-7F024E6E8462}.Release|Any CPU.ActiveCfg = Release|Any CPU
		{4D3CF234-893B-4DD4-B29A-7F024E6E8462}.Release|Any CPU.Build.0 = Release|Any CPU
	EndGlobalSection
	GlobalSection(SolutionProperties) = preSolution
		HideSolutionNode = FALSE
	EndGlobalSection
	GlobalSection(ExtensibilityGlobals) = postSolution
		SolutionGuid = {D96C90A4-543A-4F77-856E-85D663974E96}
	EndGlobalSection
EndGlobal
